{
  "requires": true,
  "lockfileVersion": 1,
  "dependencies": {
    "dayjs": {
      "version": "1.8.15",
      "resolved": "https://registry.npm.taobao.org/dayjs/download/dayjs-1.8.15.tgz?cache=0&sync_timestamp=1562597134097&other_urls=https%3A%2F%2Fregistry.npm.taobao.org%2Fdayjs%2Fdownload%2Fdayjs-1.8.15.tgz",
      "integrity": "sha1-cSG8BOan8mIe1ttWa+SoqvjDkT4="
    }
  }
}
